
Microsoft Visual Studio Solution File, Format Version 12.00
# Visual Studio Version 17
VisualStudioVersion = 17.5.002.0
MinimumVisualStudioVersion = 10.0.40219.1
Project("{9A19103F-16F7-4668-BE54-9A1E7A4F7556}") = "OrderServices", "OrderServices.csproj", "{94240D29-B292-4FC9-9B8C-44ECD4F5BB5E}"
EndProject
Global
	GlobalSection(SolutionConfigurationPlatforms) = preSolution
		Debug|Any CPU = Debug|Any CPU
		Release|Any CPU = Release|Any CPU
	EndGlobalSection
	GlobalSection(ProjectConfigurationPlatforms) = postSolution
		{94240D29-B292-4FC9-9B8C-44ECD4F5BB5E}.Debug|Any CPU.ActiveCfg = Debug|Any CPU
		{94240D29-B292-4FC9-9B8C-44ECD4F5BB5E}.Debug|Any CPU.Build.0 = Debug|Any CPU
		{94240D29-B292-4FC9-9B8C-44ECD4F5BB5E}.Release|Any CPU.ActiveCfg = Release|Any CPU
		{94240D29-B292-4FC9-9B8C-44ECD4F5BB5E}.Release|Any CPU.Build.0 = Release|Any CPU
	EndGlobalSection
	GlobalSection(SolutionProperties) = preSolution
		HideSolutionNode = FALSE
	EndGlobalSection
	GlobalSection(ExtensibilityGlobals) = postSolution
		SolutionGuid = {39D2B92A-201B-4477-A37A-331A999F627A}
	EndGlobalSection
EndGlobal
