
Microsoft Visual Studio Solution File, Format Version 12.00
# Visual Studio Version 17
VisualStudioVersion = 17.5.002.0
MinimumVisualStudioVersion = 10.0.40219.1
Project("{9A19103F-16F7-4668-BE54-9A1E7A4F7556}") = "CatalogServices", "CatalogServices.csproj", "{79565836-54E7-43AB-B3B5-A752A7A0C8F1}"
EndProject
Global
	GlobalSection(SolutionConfigurationPlatforms) = preSolution
		Debug|Any CPU = Debug|Any CPU
		Release|Any CPU = Release|Any CPU
	EndGlobalSection
	GlobalSection(ProjectConfigurationPlatforms) = postSolution
		{79565836-54E7-43AB-B3B5-A752A7A0C8F1}.Debug|Any CPU.ActiveCfg = Debug|Any CPU
		{79565836-54E7-43AB-B3B5-A752A7A0C8F1}.Debug|Any CPU.Build.0 = Debug|Any CPU
		{79565836-54E7-43AB-B3B5-A752A7A0C8F1}.Release|Any CPU.ActiveCfg = Release|Any CPU
		{79565836-54E7-43AB-B3B5-A752A7A0C8F1}.Release|Any CPU.Build.0 = Release|Any CPU
	EndGlobalSection
	GlobalSection(SolutionProperties) = preSolution
		HideSolutionNode = FALSE
	EndGlobalSection
	GlobalSection(ExtensibilityGlobals) = postSolution
		SolutionGuid = {96972101-55CF-4B2A-A066-4849CF79DC73}
	EndGlobalSection
EndGlobal
